
Microsoft Visual Studio Solution File, Format Version 12.00
# Visual Studio Version 17
VisualStudioVersion = 17.11.35327.3
MinimumVisualStudioVersion = 10.0.40219.1
Project("{F184B08F-C81C-45F6-A57F-5ABD9991F28F}") = "fdgdfgdfgfd", "fdgdfgdfgfd\fdgdfgdfgfd.vbproj", "{1149D1EF-1834-4DC0-9458-4A1F1DD2FB99}"
EndProject
Global
	GlobalSection(SolutionConfigurationPlatforms) = preSolution
		Debug|Any CPU = Debug|Any CPU
		Release|Any CPU = Release|Any CPU
	EndGlobalSection
	GlobalSection(ProjectConfigurationPlatforms) = postSolution
		{1149D1EF-1834-4DC0-9458-4A1F1DD2FB99}.Debug|Any CPU.ActiveCfg = Debug|Any CPU
		{1149D1EF-1834-4DC0-9458-4A1F1DD2FB99}.Debug|Any CPU.Build.0 = Debug|Any CPU
		{1149D1EF-1834-4DC0-9458-4A1F1DD2FB99}.Release|Any CPU.ActiveCfg = Release|Any CPU
		{1149D1EF-1834-4DC0-9458-4A1F1DD2FB99}.Release|Any CPU.Build.0 = Release|Any CPU
	EndGlobalSection
	GlobalSection(SolutionProperties) = preSolution
		HideSolutionNode = FALSE
	EndGlobalSection
	GlobalSection(ExtensibilityGlobals) = postSolution
		SolutionGuid = {71486B44-F204-4243-AAE4-8398DF195DE0}
	EndGlobalSection
EndGlobal
